# NOTICE: This lockfile contains some overrides from shard.override.yml
version: 2.0
shards:
  term-color:
    git: https://github.com/crystal-term/color.git
    version: 0.4.1

  term-cursor:
    git: https://github.com/crystal-term/cursor.git
    version: 0.3.1

  term-prompt:
    git: https://github.com/crystal-term/prompt.git
    version: 0.3.3

  term-reader: # Overridden
    git: https://github.com/crystal-term/reader.git
    version: 0.3.3+git.commit.ffc73f40817e80395bf48a93e26d172671bc7eba

  term-screen:
    git: https://github.com/crystal-term/screen.git
    version: 0.3.1

  timecop:
    git: https://github.com/crystal-community/timecop.cr.git
    version: 0.5.0

  webmock:
    git: https://github.com/manastech/webmock.cr.git
    version: 0.14.0+git.commit.fde6b20d5b80401a967e044b1a3e80ee391bed60

